
Microsoft Visual Studio Solution File, Format Version 12.00
# Visual Studio Version 17
VisualStudioVersion = 17.7.34202.233
MinimumVisualStudioVersion = 10.0.40219.1
Project("{2150E333-8FDC-42A3-9474-1A3956D46DE8}") = "ApiConsume", "ApiConsume", "{2D605927-D4D2-490D-B172-7582E242F0BF}"
EndProject
Project("{2150E333-8FDC-42A3-9474-1A3956D46DE8}") = "Frontend", "Frontend", "{C1C05625-F8E6-4881-97C2-47D11930A33E}"
EndProject
Project("{2150E333-8FDC-42A3-9474-1A3956D46DE8}") = "ToDoList", "ToDoList", "{6CC8AC1F-BF9A-4F71-8293-542DA9BA7B64}"
	ProjectSection(SolutionItems) = preProject
		Adımlar.txt = Adımlar.txt
	EndProjectSection
EndProject
Project("{9A19103F-16F7-4668-BE54-9A1E7A4F7556}") = "HotelProject.WepApi", "ApiConsume\HotelProject.WepApi\HotelProject.WepApi.csproj", "{C1D03CDC-4986-451B-A37B-F53A1D23ADB8}"
EndProject
Project("{9A19103F-16F7-4668-BE54-9A1E7A4F7556}") = "HotelProject.DataAccessLayer", "ApiConsume\HotelProject.DataAccessLayer\HotelProject.DataAccessLayer.csproj", "{84FD88BE-FFCA-44D2-851E-BB27D9705112}"
EndProject
Project("{9A19103F-16F7-4668-BE54-9A1E7A4F7556}") = "HotelProject.BusinessLayer", "ApiConsume\HotelProject.BusinessLayer\HotelProject.BusinessLayer.csproj", "{8248984B-AE34-4E85-B84D-59268ADC77EE}"
EndProject
Project("{9A19103F-16F7-4668-BE54-9A1E7A4F7556}") = "HotelProject.DtoLayer", "ApiConsume\HotelProject.DtoLayer\HotelProject.DtoLayer.csproj", "{54C08D4F-113E-4D3D-A826-A5CA746E5371}"
EndProject
Project("{9A19103F-16F7-4668-BE54-9A1E7A4F7556}") = "HotelProject.EntityLayer", "ApiConsume\HotelProject.EntityLayer\HotelProject.EntityLayer.csproj", "{89AA03CF-C823-46AE-947B-70D39129E729}"
EndProject
Project("{9A19103F-16F7-4668-BE54-9A1E7A4F7556}") = "HotelProjectWebUI", "Frontend\HotelProjectWebUI\HotelProjectWebUI.csproj", "{6F5B5F61-91DA-4EBC-B5A8-FD7B22B2A253}"
EndProject
Global
	GlobalSection(SolutionConfigurationPlatforms) = preSolution
		Debug|Any CPU = Debug|Any CPU
		Release|Any CPU = Release|Any CPU
	EndGlobalSection
	GlobalSection(ProjectConfigurationPlatforms) = postSolution
		{C1D03CDC-4986-451B-A37B-F53A1D23ADB8}.Debug|Any CPU.ActiveCfg = Debug|Any CPU
		{C1D03CDC-4986-451B-A37B-F53A1D23ADB8}.Debug|Any CPU.Build.0 = Debug|Any CPU
		{C1D03CDC-4986-451B-A37B-F53A1D23ADB8}.Release|Any CPU.ActiveCfg = Release|Any CPU
		{C1D03CDC-4986-451B-A37B-F53A1D23ADB8}.Release|Any CPU.Build.0 = Release|Any CPU
		{84FD88BE-FFCA-44D2-851E-BB27D9705112}.Debug|Any CPU.ActiveCfg = Debug|Any CPU
		{84FD88BE-FFCA-44D2-851E-BB27D9705112}.Debug|Any CPU.Build.0 = Debug|Any CPU
		{84FD88BE-FFCA-44D2-851E-BB27D9705112}.Release|Any CPU.ActiveCfg = Release|Any CPU
		{84FD88BE-FFCA-44D2-851E-BB27D9705112}.Release|Any CPU.Build.0 = Release|Any CPU
		{8248984B-AE34-4E85-B84D-59268ADC77EE}.Debug|Any CPU.ActiveCfg = Debug|Any CPU
		{8248984B-AE34-4E85-B84D-59268ADC77EE}.Debug|Any CPU.Build.0 = Debug|Any CPU
		{8248984B-AE34-4E85-B84D-59268ADC77EE}.Release|Any CPU.ActiveCfg = Release|Any CPU
		{8248984B-AE34-4E85-B84D-59268ADC77EE}.Release|Any CPU.Build.0 = Release|Any CPU
		{54C08D4F-113E-4D3D-A826-A5CA746E5371}.Debug|Any CPU.ActiveCfg = Debug|Any CPU
		{54C08D4F-113E-4D3D-A826-A5CA746E5371}.Debug|Any CPU.Build.0 = Debug|Any CPU
		{54C08D4F-113E-4D3D-A826-A5CA746E5371}.Release|Any CPU.ActiveCfg = Release|Any CPU
		{54C08D4F-113E-4D3D-A826-A5CA746E5371}.Release|Any CPU.Build.0 = Release|Any CPU
		{89AA03CF-C823-46AE-947B-70D39129E729}.Debug|Any CPU.ActiveCfg = Debug|Any CPU
		{89AA03CF-C823-46AE-947B-70D39129E729}.Debug|Any CPU.Build.0 = Debug|Any CPU
		{89AA03CF-C823-46AE-947B-70D39129E729}.Release|Any CPU.ActiveCfg = Release|Any CPU
		{89AA03CF-C823-46AE-947B-70D39129E729}.Release|Any CPU.Build.0 = Release|Any CPU
		{6F5B5F61-91DA-4EBC-B5A8-FD7B22B2A253}.Debug|Any CPU.ActiveCfg = Debug|Any CPU
		{6F5B5F61-91DA-4EBC-B5A8-FD7B22B2A253}.Debug|Any CPU.Build.0 = Debug|Any CPU
		{6F5B5F61-91DA-4EBC-B5A8-FD7B22B2A253}.Release|Any CPU.ActiveCfg = Release|Any CPU
		{6F5B5F61-91DA-4EBC-B5A8-FD7B22B2A253}.Release|Any CPU.Build.0 = Release|Any CPU
	EndGlobalSection
	GlobalSection(SolutionProperties) = preSolution
		HideSolutionNode = FALSE
	EndGlobalSection
	GlobalSection(NestedProjects) = preSolution
		{C1D03CDC-4986-451B-A37B-F53A1D23ADB8} = {2D605927-D4D2-490D-B172-7582E242F0BF}
		{84FD88BE-FFCA-44D2-851E-BB27D9705112} = {2D605927-D4D2-490D-B172-7582E242F0BF}
		{8248984B-AE34-4E85-B84D-59268ADC77EE} = {2D605927-D4D2-490D-B172-7582E242F0BF}
		{54C08D4F-113E-4D3D-A826-A5CA746E5371} = {2D605927-D4D2-490D-B172-7582E242F0BF}
		{89AA03CF-C823-46AE-947B-70D39129E729} = {2D605927-D4D2-490D-B172-7582E242F0BF}
		{6F5B5F61-91DA-4EBC-B5A8-FD7B22B2A253} = {C1C05625-F8E6-4881-97C2-47D11930A33E}
	EndGlobalSection
	GlobalSection(ExtensibilityGlobals) = postSolution
		SolutionGuid = {FDE59127-EBAF-4900-B826-D206867F6452}
	EndGlobalSection
EndGlobal
